
Microsoft Visual Studio Solution File, Format Version 12.00
# Visual Studio Version 16
VisualStudioVersion = 16.0.32228.343
MinimumVisualStudioVersion = 10.0.40219.1
Project("{FAE04EC0-301F-11D3-BF4B-00C04F79EFBC}") = "WebApplicationForTest", "WebApplicationForTest\WebApplicationForTest.csproj", "{28D9559B-F89F-4556-8607-0E8E96A0F093}"
EndProject
Global
	GlobalSection(SolutionConfigurationPlatforms) = preSolution
		Debug|Any CPU = Debug|Any CPU
		Release|Any CPU = Release|Any CPU
	EndGlobalSection
	GlobalSection(ProjectConfigurationPlatforms) = postSolution
		{28D9559B-F89F-4556-8607-0E8E96A0F093}.Debug|Any CPU.ActiveCfg = Debug|Any CPU
		{28D9559B-F89F-4556-8607-0E8E96A0F093}.Debug|Any CPU.Build.0 = Debug|Any CPU
		{28D9559B-F89F-4556-8607-0E8E96A0F093}.Release|Any CPU.ActiveCfg = Release|Any CPU
		{28D9559B-F89F-4556-8607-0E8E96A0F093}.Release|Any CPU.Build.0 = Release|Any CPU
	EndGlobalSection
	GlobalSection(SolutionProperties) = preSolution
		HideSolutionNode = FALSE
	EndGlobalSection
	GlobalSection(ExtensibilityGlobals) = postSolution
		SolutionGuid = {2C98CC1B-8D6E-4FC6-9430-6C33FA9316BC}
	EndGlobalSection
EndGlobal
